
Microsoft Visual Studio Solution File, Format Version 12.00
# Visual Studio Version 17
VisualStudioVersion = 17.11.35208.52
MinimumVisualStudioVersion = 10.0.40219.1
Project("{FAE04EC0-301F-11D3-BF4B-00C04F79EFBC}") = "AppToDo_LuisAcevedoOlarte", "AppToDo_LuisAcevedoOlarte\AppToDo_LuisAcevedoOlarte.csproj", "{1B62C931-BDFE-425D-A925-D273BC233146}"
EndProject
Global
	GlobalSection(SolutionConfigurationPlatforms) = preSolution
		Debug|Any CPU = Debug|Any CPU
		Release|Any CPU = Release|Any CPU
	EndGlobalSection
	GlobalSection(ProjectConfigurationPlatforms) = postSolution
		{1B62C931-BDFE-425D-A925-D273BC233146}.Debug|Any CPU.ActiveCfg = Debug|Any CPU
		{1B62C931-BDFE-425D-A925-D273BC233146}.Debug|Any CPU.Build.0 = Debug|Any CPU
		{1B62C931-BDFE-425D-A925-D273BC233146}.Release|Any CPU.ActiveCfg = Release|Any CPU
		{1B62C931-BDFE-425D-A925-D273BC233146}.Release|Any CPU.Build.0 = Release|Any CPU
	EndGlobalSection
	GlobalSection(SolutionProperties) = preSolution
		HideSolutionNode = FALSE
	EndGlobalSection
	GlobalSection(ExtensibilityGlobals) = postSolution
		SolutionGuid = {ED891255-222E-4D23-97B7-BD9A31969939}
	EndGlobalSection
EndGlobal
